// !$*UTF8*$!
{
	archiveVersion = 1;
	classes = {
	};
	objectVersion = 50;
	objects = {

/* Begin PBXBuildFile section */
		42C2F407267D23B30044495F /* AppDelegate.swift in Sources */ = {isa = PBXBuildFile; fileRef = 42C2F406267D23B30044495F /* AppDelegate.swift */; };
		42C2F409267D23B30044495F /* SceneDelegate.swift in Sources */ = {isa = PBXBuildFile; fileRef = 42C2F408267D23B30044495F /* SceneDelegate.swift */; };
		42C2F40B267D23B30044495F /* DestinationViewController.swift in Sources */ = {isa = PBXBuildFile; fileRef = 42C2F40A267D23B30044495F /* DestinationViewController.swift */; };
		42C2F40E267D23B30044495F /* Main.storyboard in Resources */ = {isa = PBXBuildFile; fileRef = 42C2F40C267D23B30044495F /* Main.storyboard */; };
		42C2F410267D23B70044495F /* Assets.xcassets in Resources */ = {isa = PBXBuildFile; fileRef = 42C2F40F267D23B70044495F /* Assets.xcassets */; };
		42C2F413267D23B70044495F /* LaunchScreen.storyboard in Resources */ = {isa = PBXBuildFile; fileRef = 42C2F411267D23B70044495F /* LaunchScreen.storyboard */; };
		42C2F41E267D31AA0044495F /* Coordinator.swift in Sources */ = {isa = PBXBuildFile; fileRef = 42C2F41D267D31AA0044495F /* Coordinator.swift */; };
		42C2F422267D34140044495F /* UIViewcontroller+Extension.swift in Sources */ = {isa = PBXBuildFile; fileRef = 42C2F421267D34140044495F /* UIViewcontroller+Extension.swift */; };
		42C2F42C267D35EA0044495F /* BusCoordinator.swift in Sources */ = {isa = PBXBuildFile; fileRef = 42C2F42B267D35EA0044495F /* BusCoordinator.swift */; };
		42C2F430267D37670044495F /* MainTabBarViewController.swift in Sources */ = {isa = PBXBuildFile; fileRef = 42C2F42F267D37670044495F /* MainTabBarViewController.swift */; };
		42C2F435267D3B860044495F /* TrainCoordinator.swift in Sources */ = {isa = PBXBuildFile; fileRef = 42C2F434267D3B860044495F /* TrainCoordinator.swift */; };
		42C2F43B267D5A290044495F /* UINavigationController+Extension.swift in Sources */ = {isa = PBXBuildFile; fileRef = 42C2F43A267D5A290044495F /* UINavigationController+Extension.swift */; };
		42C2F43E267D64160044495F /* UIColor+Extension.swift in Sources */ = {isa = PBXBuildFile; fileRef = 42C2F43D267D64160044495F /* UIColor+Extension.swift */; };
		42C2F442267D75690044495F /* DestinationPresenter.swift in Sources */ = {isa = PBXBuildFile; fileRef = 42C2F441267D75690044495F /* DestinationPresenter.swift */; };
		42C2F445267D803F0044495F /* DetailsViewController.swift in Sources */ = {isa = PBXBuildFile; fileRef = 42C2F444267D803F0044495F /* DetailsViewController.swift */; };
		42C2F448267D83400044495F /* DetailsCoordinator.swift in Sources */ = {isa = PBXBuildFile; fileRef = 42C2F447267D83400044495F /* DetailsCoordinator.swift */; };
		42C2F44C267E05160044495F /* DumbGetterServiceProtocol.swift in Sources */ = {isa = PBXBuildFile; fileRef = 42C2F44B267E05160044495F /* DumbGetterServiceProtocol.swift */; };
		42C2F44F267E08550044495F /* StationModel.swift in Sources */ = {isa = PBXBuildFile; fileRef = 42C2F44E267E08550044495F /* StationModel.swift */; };
		42C2F453267E08C20044495F /* StationService.swift in Sources */ = {isa = PBXBuildFile; fileRef = 42C2F452267E08C20044495F /* StationService.swift */; };
/* End PBXBuildFile section */

/* Begin PBXFileReference section */
		42C2F403267D23B30044495F /* FINCH.app */ = {isa = PBXFileReference; explicitFileType = wrapper.application; includeInIndex = 0; path = FINCH.app; sourceTree = BUILT_PRODUCTS_DIR; };
		42C2F406267D23B30044495F /* AppDelegate.swift */ = {isa = PBXFileReference; lastKnownFileType = sourcecode.swift; path = AppDelegate.swift; sourceTree = "<group>"; };
		42C2F408267D23B30044495F /* SceneDelegate.swift */ = {isa = PBXFileReference; lastKnownFileType = sourcecode.swift; path = SceneDelegate.swift; sourceTree = "<group>"; };
		42C2F40A267D23B30044495F /* DestinationViewController.swift */ = {isa = PBXFileReference; lastKnownFileType = sourcecode.swift; path = DestinationViewController.swift; sourceTree = "<group>"; };
		42C2F40D267D23B30044495F /* Base */ = {isa = PBXFileReference; lastKnownFileType = file.storyboard; name = Base; path = Base.lproj/Main.storyboard; sourceTree = "<group>"; };
		42C2F40F267D23B70044495F /* Assets.xcassets */ = {isa = PBXFileReference; lastKnownFileType = folder.assetcatalog; path = Assets.xcassets; sourceTree = "<group>"; };
		42C2F412267D23B70044495F /* Base */ = {isa = PBXFileReference; lastKnownFileType = file.storyboard; name = Base; path = Base.lproj/LaunchScreen.storyboard; sourceTree = "<group>"; };
		42C2F414267D23B70044495F /* Info.plist */ = {isa = PBXFileReference; lastKnownFileType = text.plist.xml; path = Info.plist; sourceTree = "<group>"; };
		42C2F41D267D31AA0044495F /* Coordinator.swift */ = {isa = PBXFileReference; lastKnownFileType = sourcecode.swift; path = Coordinator.swift; sourceTree = "<group>"; };
		42C2F421267D34140044495F /* UIViewcontroller+Extension.swift */ = {isa = PBXFileReference; lastKnownFileType = sourcecode.swift; path = "UIViewcontroller+Extension.swift"; sourceTree = "<group>"; };
		42C2F42B267D35EA0044495F /* BusCoordinator.swift */ = {isa = PBXFileReference; lastKnownFileType = sourcecode.swift; path = BusCoordinator.swift; sourceTree = "<group>"; };
		42C2F42F267D37670044495F /* MainTabBarViewController.swift */ = {isa = PBXFileReference; lastKnownFileType = sourcecode.swift; path = MainTabBarViewController.swift; sourceTree = "<group>"; };
		42C2F434267D3B860044495F /* TrainCoordinator.swift */ = {isa = PBXFileReference; lastKnownFileType = sourcecode.swift; path = TrainCoordinator.swift; sourceTree = "<group>"; };
		42C2F43A267D5A290044495F /* UINavigationController+Extension.swift */ = {isa = PBXFileReference; lastKnownFileType = sourcecode.swift; path = "UINavigationController+Extension.swift"; sourceTree = "<group>"; };
		42C2F43D267D64160044495F /* UIColor+Extension.swift */ = {isa = PBXFileReference; lastKnownFileType = sourcecode.swift; path = "UIColor+Extension.swift"; sourceTree = "<group>"; };
		42C2F441267D75690044495F /* DestinationPresenter.swift */ = {isa = PBXFileReference; lastKnownFileType = sourcecode.swift; path = DestinationPresenter.swift; sourceTree = "<group>"; };
		42C2F444267D803F0044495F /* DetailsViewController.swift */ = {isa = PBXFileReference; lastKnownFileType = sourcecode.swift; path = DetailsViewController.swift; sourceTree = "<group>"; };
		42C2F447267D83400044495F /* DetailsCoordinator.swift */ = {isa = PBXFileReference; lastKnownFileType = sourcecode.swift; path = DetailsCoordinator.swift; sourceTree = "<group>"; };
		42C2F44B267E05160044495F /* DumbGetterServiceProtocol.swift */ = {isa = PBXFileReference; lastKnownFileType = sourcecode.swift; path = DumbGetterServiceProtocol.swift; sourceTree = "<group>"; };
		42C2F44E267E08550044495F /* StationModel.swift */ = {isa = PBXFileReference; lastKnownFileType = sourcecode.swift; path = StationModel.swift; sourceTree = "<group>"; };
		42C2F452267E08C20044495F /* StationService.swift */ = {isa = PBXFileReference; lastKnownFileType = sourcecode.swift; path = StationService.swift; sourceTree = "<group>"; };
/* End PBXFileReference section */

/* Begin PBXFrameworksBuildPhase section */
		42C2F400267D23B30044495F /* Frameworks */ = {
			isa = PBXFrameworksBuildPhase;
			buildActionMask = 2147483647;
			files = (
			);
			runOnlyForDeploymentPostprocessing = 0;
		};
/* End PBXFrameworksBuildPhase section */

/* Begin PBXGroup section */
		42C2F3FA267D23B30044495F = {
			isa = PBXGroup;
			children = (
				42C2F405267D23B30044495F /* FINCH */,
				42C2F404267D23B30044495F /* Products */,
			);
			sourceTree = "<group>";
		};
		42C2F404267D23B30044495F /* Products */ = {
			isa = PBXGroup;
			children = (
				42C2F403267D23B30044495F /* FINCH.app */,
			);
			name = Products;
			sourceTree = "<group>";
		};
		42C2F405267D23B30044495F /* FINCH */ = {
			isa = PBXGroup;
			children = (
				42C2F455267E11E60044495F /* BusinessLogic */,
				42C2F451267E08720044495F /* Model */,
				42C2F44A267E04610044495F /* Service */,
				42C2F425267D34730044495F /* Extension */,
				42C2F440267D75160044495F /* Presenter */,
				42C2F42E267D371C0044495F /* View */,
				42C2F426267D34820044495F /* Coordinator */,
				42C2F406267D23B30044495F /* AppDelegate.swift */,
				42C2F408267D23B30044495F /* SceneDelegate.swift */,
				42C2F40F267D23B70044495F /* Assets.xcassets */,
				42C2F411267D23B70044495F /* LaunchScreen.storyboard */,
				42C2F414267D23B70044495F /* Info.plist */,
			);
			path = FINCH;
			sourceTree = "<group>";
		};
		42C2F425267D34730044495F /* Extension */ = {
			isa = PBXGroup;
			children = (
				42C2F421267D34140044495F /* UIViewcontroller+Extension.swift */,
				42C2F43A267D5A290044495F /* UINavigationController+Extension.swift */,
				42C2F43D267D64160044495F /* UIColor+Extension.swift */,
			);
			path = Extension;
			sourceTree = "<group>";
		};
		42C2F426267D34820044495F /* Coordinator */ = {
			isa = PBXGroup;
			children = (
				42C2F41D267D31AA0044495F /* Coordinator.swift */,
				42C2F42B267D35EA0044495F /* BusCoordinator.swift */,
				42C2F434267D3B860044495F /* TrainCoordinator.swift */,
				42C2F447267D83400044495F /* DetailsCoordinator.swift */,
			);
			path = Coordinator;
			sourceTree = "<group>";
		};
		42C2F42E267D371C0044495F /* View */ = {
			isa = PBXGroup;
			children = (
				42C2F40C267D23B30044495F /* Main.storyboard */,
				42C2F40A267D23B30044495F /* DestinationViewController.swift */,
				42C2F42F267D37670044495F /* MainTabBarViewController.swift */,
				42C2F444267D803F0044495F /* DetailsViewController.swift */,
			);
			path = View;
			sourceTree = "<group>";
		};
		42C2F440267D75160044495F /* Presenter */ = {
			isa = PBXGroup;
			children = (
				42C2F441267D75690044495F /* DestinationPresenter.swift */,
			);
			path = Presenter;
			sourceTree = "<group>";
		};
		42C2F44A267E04610044495F /* Service */ = {
			isa = PBXGroup;
			children = (
				42C2F44B267E05160044495F /* DumbGetterServiceProtocol.swift */,
				42C2F452267E08C20044495F /* StationService.swift */,
			);
			path = Service;
			sourceTree = "<group>";
		};
		42C2F451267E08720044495F /* Model */ = {
			isa = PBXGroup;
			children = (
				42C2F44E267E08550044495F /* StationModel.swift */,
			);
			path = Model;
			sourceTree = "<group>";
		};
		42C2F455267E11E60044495F /* BusinessLogic */ = {
			isa = PBXGroup;
			children = (
			);
			path = BusinessLogic;
			sourceTree = "<group>";
		};
/* End PBXGroup section */

/* Begin PBXNativeTarget section */
		42C2F402267D23B30044495F /* FINCH */ = {
			isa = PBXNativeTarget;
			buildConfigurationList = 42C2F417267D23B70044495F /* Build configuration list for PBXNativeTarget "FINCH" */;
			buildPhases = (
				42C2F3FF267D23B30044495F /* Sources */,
				42C2F400267D23B30044495F /* Frameworks */,
				42C2F401267D23B30044495F /* Resources */,
			);
			buildRules = (
			);
			dependencies = (
			);
			name = FINCH;
			productName = FINCH;
			productReference = 42C2F403267D23B30044495F /* FINCH.app */;
			productType = "com.apple.product-type.application";
		};
/* End PBXNativeTarget section */

/* Begin PBXProject section */
		42C2F3FB267D23B30044495F /* Project object */ = {
			isa = PBXProject;
			attributes = {
				LastSwiftUpdateCheck = 1240;
				LastUpgradeCheck = 1240;
				TargetAttributes = {
					42C2F402267D23B30044495F = {
						CreatedOnToolsVersion = 12.4;
					};
				};
			};
			buildConfigurationList = 42C2F3FE267D23B30044495F /* Build configuration list for PBXProject "FINCH" */;
			compatibilityVersion = "Xcode 9.3";
			developmentRegion = en;
			hasScannedForEncodings = 0;
			knownRegions = (
				en,
				Base,
			);
			mainGroup = 42C2F3FA267D23B30044495F;
			productRefGroup = 42C2F404267D23B30044495F /* Products */;
			projectDirPath = "";
			projectRoot = "";
			targets = (
				42C2F402267D23B30044495F /* FINCH */,
			);
		};
/* End PBXProject section */

/* Begin PBXResourcesBuildPhase section */
		42C2F401267D23B30044495F /* Resources */ = {
			isa = PBXResourcesBuildPhase;
			buildActionMask = 2147483647;
			files = (
				42C2F413267D23B70044495F /* LaunchScreen.storyboard in Resources */,
				42C2F410267D23B70044495F /* Assets.xcassets in Resources */,
				42C2F40E267D23B30044495F /* Main.storyboard in Resources */,
			);
			runOnlyForDeploymentPostprocessing = 0;
		};
/* End PBXResourcesBuildPhase section */

/* Begin PBXSourcesBuildPhase section */
		42C2F3FF267D23B30044495F /* Sources */ = {
			isa = PBXSourcesBuildPhase;
			buildActionMask = 2147483647;
			files = (
				42C2F41E267D31AA0044495F /* Coordinator.swift in Sources */,
				42C2F42C267D35EA0044495F /* BusCoordinator.swift in Sources */,
				42C2F453267E08C20044495F /* StationService.swift in Sources */,
				42C2F40B267D23B30044495F /* DestinationViewController.swift in Sources */,
				42C2F448267D83400044495F /* DetailsCoordinator.swift in Sources */,
				42C2F442267D75690044495F /* DestinationPresenter.swift in Sources */,
				42C2F435267D3B860044495F /* TrainCoordinator.swift in Sources */,
				42C2F430267D37670044495F /* MainTabBarViewController.swift in Sources */,
				42C2F44F267E08550044495F /* StationModel.swift in Sources */,
				42C2F422267D34140044495F /* UIViewcontroller+Extension.swift in Sources */,
				42C2F407267D23B30044495F /* AppDelegate.swift in Sources */,
				42C2F409267D23B30044495F /* SceneDelegate.swift in Sources */,
				42C2F44C267E05160044495F /* DumbGetterServiceProtocol.swift in Sources */,
				42C2F43B267D5A290044495F /* UINavigationController+Extension.swift in Sources */,
				42C2F43E267D64160044495F /* UIColor+Extension.swift in Sources */,
				42C2F445267D803F0044495F /* DetailsViewController.swift in Sources */,
			);
			runOnlyForDeploymentPostprocessing = 0;
		};
/* End PBXSourcesBuildPhase section */

/* Begin PBXVariantGroup section */
		42C2F40C267D23B30044495F /* Main.storyboard */ = {
			isa = PBXVariantGroup;
			children = (
				42C2F40D267D23B30044495F /* Base */,
			);
			name = Main.storyboard;
			sourceTree = "<group>";
		};
		42C2F411267D23B70044495F /* LaunchScreen.storyboard */ = {
			isa = PBXVariantGroup;
			children = (
				42C2F412267D23B70044495F /* Base */,
			);
			name = LaunchScreen.storyboard;
			sourceTree = "<group>";
		};
/* End PBXVariantGroup section */

/* Begin XCBuildConfiguration section */
		42C2F415267D23B70044495F /* Debug */ = {
			isa = XCBuildConfiguration;
			buildSettings = {
				ALWAYS_SEARCH_USER_PATHS = NO;
				CLANG_ANALYZER_NONNULL = YES;
				CLANG_ANALYZER_NUMBER_OBJECT_CONVERSION = YES_AGGRESSIVE;
				CLANG_CXX_LANGUAGE_STANDARD = "gnu++14";
				CLANG_CXX_LIBRARY = "libc++";
				CLANG_ENABLE_MODULES = YES;
				CLANG_ENABLE_OBJC_ARC = YES;
				CLANG_ENABLE_OBJC_WEAK = YES;
				CLANG_WARN_BLOCK_CAPTURE_AUTORELEASING = YES;
				CLANG_WARN_BOOL_CONVERSION = YES;
				CLANG_WARN_COMMA = YES;
				CLANG_WARN_CONSTANT_CONVERSION = YES;
				CLANG_WARN_DEPRECATED_OBJC_IMPLEMENTATIONS = YES;
				CLANG_WARN_DIRECT_OBJC_ISA_USAGE = YES_ERROR;
				CLANG_WARN_DOCUMENTATION_COMMENTS = YES;
				CLANG_WARN_EMPTY_BODY = YES;
				CLANG_WARN_ENUM_CONVERSION = YES;
				CLANG_WARN_INFINITE_RECURSION = YES;
				CLANG_WARN_INT_CONVERSION = YES;
				CLANG_WARN_NON_LITERAL_NULL_CONVERSION = YES;
				CLANG_WARN_OBJC_IMPLICIT_RETAIN_SELF = YES;
				CLANG_WARN_OBJC_LITERAL_CONVERSION = YES;
				CLANG_WARN_OBJC_ROOT_CLASS = YES_ERROR;
				CLANG_WARN_QUOTED_INCLUDE_IN_FRAMEWORK_HEADER = YES;
				CLANG_WARN_RANGE_LOOP_ANALYSIS = YES;
				CLANG_WARN_STRICT_PROTOTYPES = YES;
				CLANG_WARN_SUSPICIOUS_MOVE = YES;
				CLANG_WARN_UNGUARDED_AVAILABILITY = YES_AGGRESSIVE;
				CLANG_WARN_UNREACHABLE_CODE = YES;
				CLANG_WARN__DUPLICATE_METHOD_MATCH = YES;
				COPY_PHASE_STRIP = NO;
				DEBUG_INFORMATION_FORMAT = dwarf;
				ENABLE_STRICT_OBJC_MSGSEND = YES;
				ENABLE_TESTABILITY = YES;
				GCC_C_LANGUAGE_STANDARD = gnu11;
				GCC_DYNAMIC_NO_PIC = NO;
				GCC_NO_COMMON_BLOCKS = YES;
				GCC_OPTIMIZATION_LEVEL = 0;
				GCC_PREPROCESSOR_DEFINITIONS = (
					"DEBUG=1",
					"$(inherited)",
				);
				GCC_WARN_64_TO_32_BIT_CONVERSION = YES;
				GCC_WARN_ABOUT_RETURN_TYPE = YES_ERROR;
				GCC_WARN_UNDECLARED_SELECTOR = YES;
				GCC_WARN_UNINITIALIZED_AUTOS = YES_AGGRESSIVE;
				GCC_WARN_UNUSED_FUNCTION = YES;
				GCC_WARN_UNUSED_VARIABLE = YES;
				IPHONEOS_DEPLOYMENT_TARGET = 14.4;
				MTL_ENABLE_DEBUG_INFO = INCLUDE_SOURCE;
				MTL_FAST_MATH = YES;
				ONLY_ACTIVE_ARCH = YES;
				SDKROOT = iphoneos;
				SWIFT_ACTIVE_COMPILATION_CONDITIONS = DEBUG;
				SWIFT_OPTIMIZATION_LEVEL = "-Onone";
			};
			name = Debug;
		};
		42C2F416267D23B70044495F /* Release */ = {
			isa = XCBuildConfiguration;
			buildSettings = {
				ALWAYS_SEARCH_USER_PATHS = NO;
				CLANG_ANALYZER_NONNULL = YES;
				CLANG_ANALYZER_NUMBER_OBJECT_CONVERSION = YES_AGGRESSIVE;
				CLANG_CXX_LANGUAGE_STANDARD = "gnu++14";
				CLANG_CXX_LIBRARY = "libc++";
				CLANG_ENABLE_MODULES = YES;
				CLANG_ENABLE_OBJC_ARC = YES;
				CLANG_ENABLE_OBJC_WEAK = YES;
				CLANG_WARN_BLOCK_CAPTURE_AUTORELEASING = YES;
				CLANG_WARN_BOOL_CONVERSION = YES;
				CLANG_WARN_COMMA = YES;
				CLANG_WARN_CONSTANT_CONVERSION = YES;
				CLANG_WARN_DEPRECATED_OBJC_IMPLEMENTATIONS = YES;
				CLANG_WARN_DIRECT_OBJC_ISA_USAGE = YES_ERROR;
				CLANG_WARN_DOCUMENTATION_COMMENTS = YES;
				CLANG_WARN_EMPTY_BODY = YES;
				CLANG_WARN_ENUM_CONVERSION = YES;
				CLANG_WARN_INFINITE_RECURSION = YES;
				CLANG_WARN_INT_CONVERSION = YES;
				CLANG_WARN_NON_LITERAL_NULL_CONVERSION = YES;
				CLANG_WARN_OBJC_IMPLICIT_RETAIN_SELF = YES;
				CLANG_WARN_OBJC_LITERAL_CONVERSION = YES;
				CLANG_WARN_OBJC_ROOT_CLASS = YES_ERROR;
				CLANG_WARN_QUOTED_INCLUDE_IN_FRAMEWORK_HEADER = YES;
				CLANG_WARN_RANGE_LOOP_ANALYSIS = YES;
				CLANG_WARN_STRICT_PROTOTYPES = YES;
				CLANG_WARN_SUSPICIOUS_MOVE = YES;
				CLANG_WARN_UNGUARDED_AVAILABILITY = YES_AGGRESSIVE;
				CLANG_WARN_UNREACHABLE_CODE = YES;
				CLANG_WARN__DUPLICATE_METHOD_MATCH = YES;
				COPY_PHASE_STRIP = NO;
				DEBUG_INFORMATION_FORMAT = "dwarf-with-dsym";
				ENABLE_NS_ASSERTIONS = NO;
				ENABLE_STRICT_OBJC_MSGSEND = YES;
				GCC_C_LANGUAGE_STANDARD = gnu11;
				GCC_NO_COMMON_BLOCKS = YES;
				GCC_WARN_64_TO_32_BIT_CONVERSION = YES;
				GCC_WARN_ABOUT_RETURN_TYPE = YES_ERROR;
				GCC_WARN_UNDECLARED_SELECTOR = YES;
				GCC_WARN_UNINITIALIZED_AUTOS = YES_AGGRESSIVE;
				GCC_WARN_UNUSED_FUNCTION = YES;
				GCC_WARN_UNUSED_VARIABLE = YES;
				IPHONEOS_DEPLOYMENT_TARGET = 14.4;
				MTL_ENABLE_DEBUG_INFO = NO;
				MTL_FAST_MATH = YES;
				SDKROOT = iphoneos;
				SWIFT_COMPILATION_MODE = wholemodule;
				SWIFT_OPTIMIZATION_LEVEL = "-O";
				VALIDATE_PRODUCT = YES;
			};
			name = Release;
		};
		42C2F418267D23B70044495F /* Debug */ = {
			isa = XCBuildConfiguration;
			buildSettings = {
				ASSETCATALOG_COMPILER_APPICON_NAME = AppIcon;
				ASSETCATALOG_COMPILER_GLOBAL_ACCENT_COLOR_NAME = AccentColor;
				CODE_SIGN_STYLE = Automatic;
				INFOPLIST_FILE = FINCH/Info.plist;
				LD_RUNPATH_SEARCH_PATHS = (
					"$(inherited)",
					"@executable_path/Frameworks",
				);
				PRODUCT_BUNDLE_IDENTIFIER = ph.com.myapp.FINCH;
				PRODUCT_NAME = "$(TARGET_NAME)";
				SWIFT_VERSION = 5.0;
				TARGETED_DEVICE_FAMILY = "1,2";
			};
			name = Debug;
		};
		42C2F419267D23B70044495F /* Release */ = {
			isa = XCBuildConfiguration;
			buildSettings = {
				ASSETCATALOG_COMPILER_APPICON_NAME = AppIcon;
				ASSETCATALOG_COMPILER_GLOBAL_ACCENT_COLOR_NAME = AccentColor;
				CODE_SIGN_STYLE = Automatic;
				INFOPLIST_FILE = FINCH/Info.plist;
				LD_RUNPATH_SEARCH_PATHS = (
					"$(inherited)",
					"@executable_path/Frameworks",
				);
				PRODUCT_BUNDLE_IDENTIFIER = ph.com.myapp.FINCH;
				PRODUCT_NAME = "$(TARGET_NAME)";
				SWIFT_VERSION = 5.0;
				TARGETED_DEVICE_FAMILY = "1,2";
			};
			name = Release;
		};
/* End XCBuildConfiguration section */

/* Begin XCConfigurationList section */
		42C2F3FE267D23B30044495F /* Build configuration list for PBXProject "FINCH" */ = {
			isa = XCConfigurationList;
			buildConfigurations = (
				42C2F415267D23B70044495F /* Debug */,
				42C2F416267D23B70044495F /* Release */,
			);
			defaultConfigurationIsVisible = 0;
			defaultConfigurationName = Release;
		};
		42C2F417267D23B70044495F /* Build configuration list for PBXNativeTarget "FINCH" */ = {
			isa = XCConfigurationList;
			buildConfigurations = (
				42C2F418267D23B70044495F /* Debug */,
				42C2F419267D23B70044495F /* Release */,
			);
			defaultConfigurationIsVisible = 0;
			defaultConfigurationName = Release;
		};
/* End XCConfigurationList section */
	};
	rootObject = 42C2F3FB267D23B30044495F /* Project object */;
}
